Microsoft Visual Studio Solution File, Format Version 11.00
# Visual Studio 2008

Project("{8C7AF115-6D11-EC55-9011-AA3F480CC596}") = "Crazy-Arcade-Unity2D- Setup", "Assembly-CSharp-firstpass.csproj", "{198BBE9E-541F-0FAE-3CA8-93D1DEBFC9D3}"
EndProject
Project("{8C7AF115-6D11-EC55-9011-AA3F480CC596}") = "Crazy-Arcade-Unity2D- Setup", "Assembly-CSharp.csproj", "{00E97221-DAA7-0FC6-9A52-2DDDA5D4CDD2}"
EndProject
Project("{8C7AF115-6D11-EC55-9011-AA3F480CC596}") = "Crazy-Arcade-Unity2D- Setup", "Assembly-CSharp-Editor.csproj", "{863D668F-F152-2F0A-D23B-2746972D40F9}"
EndProject
Global
	GlobalSection(SolutionConfigurationPlatforms) = preSolution
		Debug|Any CPU = Debug|Any CPU
		Release|Any CPU = Release|Any CPU
	EndGlobalSection
	GlobalSection(ProjectConfigurationPlatforms) = postSolution
		{198BBE9E-541F-0FAE-3CA8-93D1DEBFC9D3}.Debug|Any CPU.ActiveCfg = Debug|Any CPU
		{198BBE9E-541F-0FAE-3CA8-93D1DEBFC9D3}.Debug|Any CPU.Build.0 = Debug|Any CPU
		{198BBE9E-541F-0FAE-3CA8-93D1DEBFC9D3}.Release|Any CPU.ActiveCfg = Release|Any CPU
		{198BBE9E-541F-0FAE-3CA8-93D1DEBFC9D3}.Release|Any CPU.Build.0 = Release|Any CPU
		{00E97221-DAA7-0FC6-9A52-2DDDA5D4CDD2}.Debug|Any CPU.ActiveCfg = Debug|Any CPU
		{00E97221-DAA7-0FC6-9A52-2DDDA5D4CDD2}.Debug|Any CPU.Build.0 = Debug|Any CPU
		{00E97221-DAA7-0FC6-9A52-2DDDA5D4CDD2}.Release|Any CPU.ActiveCfg = Release|Any CPU
		{00E97221-DAA7-0FC6-9A52-2DDDA5D4CDD2}.Release|Any CPU.Build.0 = Release|Any CPU
		{863D668F-F152-2F0A-D23B-2746972D40F9}.Debug|Any CPU.ActiveCfg = Debug|Any CPU
		{863D668F-F152-2F0A-D23B-2746972D40F9}.Debug|Any CPU.Build.0 = Debug|Any CPU
		{863D668F-F152-2F0A-D23B-2746972D40F9}.Release|Any CPU.ActiveCfg = Release|Any CPU
		{863D668F-F152-2F0A-D23B-2746972D40F9}.Release|Any CPU.Build.0 = Release|Any CPU
	EndGlobalSection
	GlobalSection(SolutionProperties) = preSolution
		HideSolutionNode = FALSE
	EndGlobalSection
	GlobalSection(MonoDevelopProperties) = preSolution
		StartupItem = Assembly-CSharp.csproj
	EndGlobalSection
EndGlobal
